Microsoft Visual Studio Solution File, Format Version 11.00
# Visual Studio 2008

Project("{1550B6C1-35E5-8CF1-E6FB-5D31350EA3D2}") = "CauseAndEffect", "Assembly-CSharp.csproj", "{B2CAE9D7-1D6E-126E-80CD-661DE600D0F5}"
EndProject
Global
	GlobalSection(SolutionConfigurationPlatforms) = preSolution
		Debug|Any CPU = Debug|Any CPU
		Release|Any CPU = Release|Any CPU
	EndGlobalSection
	GlobalSection(ProjectConfigurationPlatforms) = postSolution
		{B2CAE9D7-1D6E-126E-80CD-661DE600D0F5}.Debug|Any CPU.ActiveCfg = Debug|Any CPU
		{B2CAE9D7-1D6E-126E-80CD-661DE600D0F5}.Debug|Any CPU.Build.0 = Debug|Any CPU
		{B2CAE9D7-1D6E-126E-80CD-661DE600D0F5}.Release|Any CPU.ActiveCfg = Release|Any CPU
		{B2CAE9D7-1D6E-126E-80CD-661DE600D0F5}.Release|Any CPU.Build.0 = Release|Any CPU
	EndGlobalSection
	GlobalSection(SolutionProperties) = preSolution
		HideSolutionNode = FALSE
	EndGlobalSection
	GlobalSection(MonoDevelopProperties) = preSolution
		StartupItem = Assembly-CSharp.csproj
	EndGlobalSection
EndGlobal
